
Microsoft Visual Studio Solution File, Format Version 12.00
# Visual Studio Version 17
VisualStudioVersion = 17.11.35312.102
MinimumVisualStudioVersion = 10.0.40219.1
Project("{FAE04EC0-301F-11D3-BF4B-00C04F79EFBC}") = "delegate_events", "delegate_events\delegate_events.csproj", "{CA503F0D-2B20-4D41-ABFF-CE7D8AFE0B86}"
EndProject
Project("{FAE04EC0-301F-11D3-BF4B-00C04F79EFBC}") = "TestProject4", "TestProject4\TestProject4.csproj", "{C383476F-5C1B-4095-A421-7AF44A38496E}"
EndProject
Global
	GlobalSection(SolutionConfigurationPlatforms) = preSolution
		Debug|Any CPU = Debug|Any CPU
		Release|Any CPU = Release|Any CPU
	EndGlobalSection
	GlobalSection(ProjectConfigurationPlatforms) = postSolution
		{CA503F0D-2B20-4D41-ABFF-CE7D8AFE0B86}.Debug|Any CPU.ActiveCfg = Debug|Any CPU
		{CA503F0D-2B20-4D41-ABFF-CE7D8AFE0B86}.Debug|Any CPU.Build.0 = Debug|Any CPU
		{CA503F0D-2B20-4D41-ABFF-CE7D8AFE0B86}.Release|Any CPU.ActiveCfg = Release|Any CPU
		{CA503F0D-2B20-4D41-ABFF-CE7D8AFE0B86}.Release|Any CPU.Build.0 = Release|Any CPU
		{C383476F-5C1B-4095-A421-7AF44A38496E}.Debug|Any CPU.ActiveCfg = Debug|Any CPU
		{C383476F-5C1B-4095-A421-7AF44A38496E}.Debug|Any CPU.Build.0 = Debug|Any CPU
		{C383476F-5C1B-4095-A421-7AF44A38496E}.Release|Any CPU.ActiveCfg = Release|Any CPU
		{C383476F-5C1B-4095-A421-7AF44A38496E}.Release|Any CPU.Build.0 = Release|Any CPU
	EndGlobalSection
	GlobalSection(SolutionProperties) = preSolution
		HideSolutionNode = FALSE
	EndGlobalSection
	GlobalSection(ExtensibilityGlobals) = postSolution
		SolutionGuid = {F1634D77-818A-4236-9DDF-E6858948D5D2}
	EndGlobalSection
EndGlobal
